
Microsoft Visual Studio Solution File, Format Version 12.00
# Visual Studio Version 17
VisualStudioVersion = 17.0.32112.339
MinimumVisualStudioVersion = 10.0.40219.1
Project("{FAE04EC0-301F-11D3-BF4B-00C04F79EFBC}") = "DeltaTest", "DeltaTest\DeltaTest.csproj", "{FAFF7922-84B1-4C57-8148-9CFDD805127E}"
EndProject
Project("{FAE04EC0-301F-11D3-BF4B-00C04F79EFBC}") = "DeltaUnitTests", "DeltaUnitTests\DeltaUnitTests.csproj", "{DB9906FA-CDFE-48FC-A2B8-36EDD859524A}"
EndProject
Global
	GlobalSection(SolutionConfigurationPlatforms) = preSolution
		Debug|Any CPU = Debug|Any CPU
		Release|Any CPU = Release|Any CPU
	EndGlobalSection
	GlobalSection(ProjectConfigurationPlatforms) = postSolution
		{FAFF7922-84B1-4C57-8148-9CFDD805127E}.Debug|Any CPU.ActiveCfg = Debug|Any CPU
		{FAFF7922-84B1-4C57-8148-9CFDD805127E}.Debug|Any CPU.Build.0 = Debug|Any CPU
		{FAFF7922-84B1-4C57-8148-9CFDD805127E}.Release|Any CPU.ActiveCfg = Release|Any CPU
		{FAFF7922-84B1-4C57-8148-9CFDD805127E}.Release|Any CPU.Build.0 = Release|Any CPU
		{DB9906FA-CDFE-48FC-A2B8-36EDD859524A}.Debug|Any CPU.ActiveCfg = Debug|Any CPU
		{DB9906FA-CDFE-48FC-A2B8-36EDD859524A}.Debug|Any CPU.Build.0 = Debug|Any CPU
		{DB9906FA-CDFE-48FC-A2B8-36EDD859524A}.Release|Any CPU.ActiveCfg = Release|Any CPU
		{DB9906FA-CDFE-48FC-A2B8-36EDD859524A}.Release|Any CPU.Build.0 = Release|Any CPU
	EndGlobalSection
	GlobalSection(SolutionProperties) = preSolution
		HideSolutionNode = FALSE
	EndGlobalSection
	GlobalSection(ExtensibilityGlobals) = postSolution
		SolutionGuid = {14E7056E-4DB1-4AB4-9AFA-C1BC69862BC4}
	EndGlobalSection
EndGlobal
